{
  "name": "open-service-management",
  "version": "1.0.0",
  "lockfileVersion": 1,
  "requires": true,
  "dependencies": {
    "@types/humanize-string": {
      "version": "2.0.2",
      "resolved": "https://registry.npmjs.org/@types/humanize-string/-/humanize-string-2.0.2.tgz",
      "integrity": "sha512-WC9Chke6ZWPNhvqRkChJCLEc46yaS6ZNTzbKumopVIbdrkq7IqL/84s19J8sc1903of0pL2QydCfTdhRyKN4ag==",
      "dev": true,
      "requires": {
        "humanize-string": "*"
      }
    },
    "decamelize": {
      "version": "2.0.0",
      "resolved": "https://registry.npmjs.org/decamelize/-/decamelize-2.0.0.tgz",
      "integrity": "sha512-Ikpp5scV3MSYxY39ymh45ZLEecsTdv/Xj2CaQfI8RLMuwi7XvjX9H/fhraiSuU+C5w5NTDu4ZU72xNiZnurBPg==",
      "dev": true,
      "requires": {
        "xregexp": "4.0.0"
      }
    },
    "humanize-string": {
      "version": "2.1.0",
      "resolved": "https://registry.npmjs.org/humanize-string/-/humanize-string-2.1.0.tgz",
      "integrity": "sha512-sQ+hqmxyXW8Cj7iqxcQxD7oSy3+AXnIZXdUF9lQMkzaG8dtbKAB8U7lCtViMnwQ+MpdCKsO2Kiij3G6UUXq/Xg==",
      "dev": true,
      "requires": {
        "decamelize": "^2.0.0"
      }
    },
    "xregexp": {
      "version": "4.0.0",
      "resolved": "https://registry.npmjs.org/xregexp/-/xregexp-4.0.0.tgz",
      "integrity": "sha512-PHyM+sQouu7xspQQwELlGwwd05mXUFqwFYfqPO0cC7x4fxyHnnuetmQr6CjJiafIDoH4MogHb9dOoJzR/Y4rFg==",
      "dev": true
    }
  }
}
